
Microsoft Visual Studio Solution File, Format Version 12.00
# Visual Studio Version 17
VisualStudioVersion = 17.12.35309.182
MinimumVisualStudioVersion = 10.0.40219.1
Project("{FAE04EC0-301F-11D3-BF4B-00C04F79EFBC}") = "Sorts", "Sorts\Sorts.csproj", "{1A6A6EEF-4CD3-4EA8-A12F-1D961747D884}"
EndProject
Global
	GlobalSection(SolutionConfigurationPlatforms) = preSolution
		Debug|Any CPU = Debug|Any CPU
		Release|Any CPU = Release|Any CPU
	EndGlobalSection
	GlobalSection(ProjectConfigurationPlatforms) = postSolution
		{1A6A6EEF-4CD3-4EA8-A12F-1D961747D884}.Debug|Any CPU.ActiveCfg = Debug|Any CPU
		{1A6A6EEF-4CD3-4EA8-A12F-1D961747D884}.Debug|Any CPU.Build.0 = Debug|Any CPU
		{1A6A6EEF-4CD3-4EA8-A12F-1D961747D884}.Release|Any CPU.ActiveCfg = Release|Any CPU
		{1A6A6EEF-4CD3-4EA8-A12F-1D961747D884}.Release|Any CPU.Build.0 = Release|Any CPU
	EndGlobalSection
	GlobalSection(SolutionProperties) = preSolution
		HideSolutionNode = FALSE
	EndGlobalSection
	GlobalSection(ExtensibilityGlobals) = postSolution
		SolutionGuid = {9BE0422E-5284-41C8-8AAD-00B012004931}
	EndGlobalSection
EndGlobal
